
Microsoft Visual Studio Solution File, Format Version 12.00
# Visual Studio Version 16
VisualStudioVersion = 16.0.31613.86
MinimumVisualStudioVersion = 10.0.40219.1
Project("{FAE04EC0-301F-11D3-BF4B-00C04F79EFBC}") = "BattleshipServer", "BattleshipServer\BattleshipServer.csproj", "{20A9C20C-1EA3-4B4E-98D7-C1FFBF89A46D}"
EndProject
Global
	GlobalSection(SolutionConfigurationPlatforms) = preSolution
		Debug|Any CPU = Debug|Any CPU
		Release|Any CPU = Release|Any CPU
	EndGlobalSection
	GlobalSection(ProjectConfigurationPlatforms) = postSolution
		{20A9C20C-1EA3-4B4E-98D7-C1FFBF89A46D}.Debug|Any CPU.ActiveCfg = Debug|Any CPU
		{20A9C20C-1EA3-4B4E-98D7-C1FFBF89A46D}.Debug|Any CPU.Build.0 = Debug|Any CPU
		{20A9C20C-1EA3-4B4E-98D7-C1FFBF89A46D}.Release|Any CPU.ActiveCfg = Release|Any CPU
		{20A9C20C-1EA3-4B4E-98D7-C1FFBF89A46D}.Release|Any CPU.Build.0 = Release|Any CPU
	EndGlobalSection
	GlobalSection(SolutionProperties) = preSolution
		HideSolutionNode = FALSE
	EndGlobalSection
	GlobalSection(ExtensibilityGlobals) = postSolution
		SolutionGuid = {644B2F3F-AB95-456F-AFE7-D001C7B57104}
	EndGlobalSection
EndGlobal
